
Microsoft Visual Studio Solution File, Format Version 12.00
# Visual Studio Version 17
VisualStudioVersion = 17.1.32328.378
MinimumVisualStudioVersion = 10.0.40219.1
Project("{9A19103F-16F7-4668-BE54-9A1E7A4F7556}") = "MyFirstApp", "MyFirstApp.csproj", "{841AAD76-8B28-48C8-A35C-D1637B752716}"
EndProject
Project("{9A19103F-16F7-4668-BE54-9A1E7A4F7556}") = "ConsoleApp1", "ConsoleApp1\ConsoleApp1.csproj", "{CAF06A82-B47D-4B35-B044-786B6B6C4503}"
EndProject
Global
	GlobalSection(SolutionConfigurationPlatforms) = preSolution
		Debug|Any CPU = Debug|Any CPU
		Release|Any CPU = Release|Any CPU
	EndGlobalSection
	GlobalSection(ProjectConfigurationPlatforms) = postSolution
		{841AAD76-8B28-48C8-A35C-D1637B752716}.Debug|Any CPU.ActiveCfg = Debug|Any CPU
		{841AAD76-8B28-48C8-A35C-D1637B752716}.Debug|Any CPU.Build.0 = Debug|Any CPU
		{841AAD76-8B28-48C8-A35C-D1637B752716}.Release|Any CPU.ActiveCfg = Release|Any CPU
		{841AAD76-8B28-48C8-A35C-D1637B752716}.Release|Any CPU.Build.0 = Release|Any CPU
		{CAF06A82-B47D-4B35-B044-786B6B6C4503}.Debug|Any CPU.ActiveCfg = Debug|Any CPU
		{CAF06A82-B47D-4B35-B044-786B6B6C4503}.Debug|Any CPU.Build.0 = Debug|Any CPU
		{CAF06A82-B47D-4B35-B044-786B6B6C4503}.Release|Any CPU.ActiveCfg = Release|Any CPU
		{CAF06A82-B47D-4B35-B044-786B6B6C4503}.Release|Any CPU.Build.0 = Release|Any CPU
	EndGlobalSection
	GlobalSection(SolutionProperties) = preSolution
		HideSolutionNode = FALSE
	EndGlobalSection
	GlobalSection(ExtensibilityGlobals) = postSolution
		SolutionGuid = {B4AF169D-73B9-4883-9CEE-65988E1DD1EF}
	EndGlobalSection
EndGlobal
